
Microsoft Visual Studio Solution File, Format Version 12.00
# Visual Studio Version 16
VisualStudioVersion = 16.0.31613.86
MinimumVisualStudioVersion = 10.0.40219.1
Project("{FAE04EC0-301F-11D3-BF4B-00C04F79EFBC}") = "senai.hroads.webAPI", "senai.hroads.webAPI\senai.hroads.webAPI.csproj", "{23B5A473-ACB5-454E-B48F-0EA0D76324AF}"
EndProject
Global
	GlobalSection(SolutionConfigurationPlatforms) = preSolution
		Debug|Any CPU = Debug|Any CPU
		Release|Any CPU = Release|Any CPU
	EndGlobalSection
	GlobalSection(ProjectConfigurationPlatforms) = postSolution
		{23B5A473-ACB5-454E-B48F-0EA0D76324AF}.Debug|Any CPU.ActiveCfg = Debug|Any CPU
		{23B5A473-ACB5-454E-B48F-0EA0D76324AF}.Debug|Any CPU.Build.0 = Debug|Any CPU
		{23B5A473-ACB5-454E-B48F-0EA0D76324AF}.Release|Any CPU.ActiveCfg = Release|Any CPU
		{23B5A473-ACB5-454E-B48F-0EA0D76324AF}.Release|Any CPU.Build.0 = Release|Any CPU
	EndGlobalSection
	GlobalSection(SolutionProperties) = preSolution
		HideSolutionNode = FALSE
	EndGlobalSection
	GlobalSection(ExtensibilityGlobals) = postSolution
		SolutionGuid = {B427BDD9-74AE-4F61-8EB9-00255CF0954B}
	EndGlobalSection
EndGlobal
